github.com/ergochat/irc-go v0.2.0 h1:3vHdy4c56UTY6+/rTBrQc1fmt32N5G8PrEZacJDOr+E=
github.com/ergochat/irc-go v0.2.0/go.mod h1:2vi7KNpIPWnReB5hmLpl92eMywQvuIeIIGdt/FQCph0=
github.com/joho/godotenv v1.4.0 h1:3l4+N6zfMWnkbPEXKng2o2/MR5mSwTrBih4ZEkkz1lg=
github.com/joho/godotenv v1.4.0/go.mod h1:f4LDr5Voq0i2e/R5DDNOoa2zzDfwtkZa6DnEwAbqwq4=
